
Microsoft Visual Studio Solution File, Format Version 12.00
# Visual Studio 15
VisualStudioVersion = 15.0.27428.2015
MinimumVisualStudioVersion = 10.0.40219.1
Project("{FAE04EC0-301F-11D3-BF4B-00C04F79EFBC}") = "InedoExtension", "InedoExtension\InedoExtension.csproj", "{DCB9E85A-A649-4F8C-8C00-59A5D1266648}"
EndProject
Global
	GlobalSection(SolutionConfigurationPlatforms) = preSolution
		Debug|Any CPU = Debug|Any CPU
		Release|Any CPU = Release|Any CPU
	EndGlobalSection
	GlobalSection(ProjectConfigurationPlatforms) = postSolution
		{DCB9E85A-A649-4F8C-8C00-59A5D1266648}.Debug|Any CPU.ActiveCfg = Debug|Any CPU
		{DCB9E85A-A649-4F8C-8C00-59A5D1266648}.Debug|Any CPU.Build.0 = Debug|Any CPU
		{DCB9E85A-A649-4F8C-8C00-59A5D1266648}.Release|Any CPU.ActiveCfg = Release|Any CPU
		{DCB9E85A-A649-4F8C-8C00-59A5D1266648}.Release|Any CPU.Build.0 = Release|Any CPU
	EndGlobalSection
	GlobalSection(SolutionProperties) = preSolution
		HideSolutionNode = FALSE
	EndGlobalSection
	GlobalSection(ExtensibilityGlobals) = postSolution
		SolutionGuid = {A336D0D2-13C8-4375-A125-8B07253094C4}
	EndGlobalSection
EndGlobal
